
Microsoft Visual Studio Solution File, Format Version 12.00
# Visual Studio Version 16
VisualStudioVersion = 16.0.32228.343
MinimumVisualStudioVersion = 10.0.40219.1
Project("{8BC9CEB8-8B4A-11D0-8D11-00A0C91BC942}") = "practice_3_30", "practice_3_30\practice_3_30.vcxproj", "{E6F8CB92-2641-4B37-9F44-1CE4E0D5151F}"
EndProject
Global
	GlobalSection(SolutionConfigurationPlatforms) = preSolution
		Debug|x64 = Debug|x64
		Debug|x86 = Debug|x86
		Release|x64 = Release|x64
		Release|x86 = Release|x86
	EndGlobalSection
	GlobalSection(ProjectConfigurationPlatforms) = postSolution
		{E6F8CB92-2641-4B37-9F44-1CE4E0D5151F}.Debug|x64.ActiveCfg = Debug|x64
		{E6F8CB92-2641-4B37-9F44-1CE4E0D5151F}.Debug|x64.Build.0 = Debug|x64
		{E6F8CB92-2641-4B37-9F44-1CE4E0D5151F}.Debug|x86.ActiveCfg = Debug|Win32
		{E6F8CB92-2641-4B37-9F44-1CE4E0D5151F}.Debug|x86.Build.0 = Debug|Win32
		{E6F8CB92-2641-4B37-9F44-1CE4E0D5151F}.Release|x64.ActiveCfg = Release|x64
		{E6F8CB92-2641-4B37-9F44-1CE4E0D5151F}.Release|x64.Build.0 = Release|x64
		{E6F8CB92-2641-4B37-9F44-1CE4E0D5151F}.Release|x86.ActiveCfg = Release|Win32
		{E6F8CB92-2641-4B37-9F44-1CE4E0D5151F}.Release|x86.Build.0 = Release|Win32
	EndGlobalSection
	GlobalSection(SolutionProperties) = preSolution
		HideSolutionNode = FALSE
	EndGlobalSection
	GlobalSection(ExtensibilityGlobals) = postSolution
		SolutionGuid = {E5BF1067-D77F-4FFD-B747-4E8AAF56FDCB}
	EndGlobalSection
EndGlobal
