
Microsoft Visual Studio Solution File, Format Version 12.00
# Visual Studio Version 16
VisualStudioVersion = 16.0.32228.343
MinimumVisualStudioVersion = 10.0.40219.1
Project("{8BC9CEB8-8B4A-11D0-8D11-00A0C91BC942}") = "practice_oj_4_28", "practice_oj_4_28\practice_oj_4_28.vcxproj", "{8A6C534E-5456-4697-A7FE-F26FF9E36453}"
EndProject
Global
	GlobalSection(SolutionConfigurationPlatforms) = preSolution
		Debug|x64 = Debug|x64
		Debug|x86 = Debug|x86
		Release|x64 = Release|x64
		Release|x86 = Release|x86
	EndGlobalSection
	GlobalSection(ProjectConfigurationPlatforms) = postSolution
		{8A6C534E-5456-4697-A7FE-F26FF9E36453}.Debug|x64.ActiveCfg = Debug|x64
		{8A6C534E-5456-4697-A7FE-F26FF9E36453}.Debug|x64.Build.0 = Debug|x64
		{8A6C534E-5456-4697-A7FE-F26FF9E36453}.Debug|x86.ActiveCfg = Debug|Win32
		{8A6C534E-5456-4697-A7FE-F26FF9E36453}.Debug|x86.Build.0 = Debug|Win32
		{8A6C534E-5456-4697-A7FE-F26FF9E36453}.Release|x64.ActiveCfg = Release|x64
		{8A6C534E-5456-4697-A7FE-F26FF9E36453}.Release|x64.Build.0 = Release|x64
		{8A6C534E-5456-4697-A7FE-F26FF9E36453}.Release|x86.ActiveCfg = Release|Win32
		{8A6C534E-5456-4697-A7FE-F26FF9E36453}.Release|x86.Build.0 = Release|Win32
	EndGlobalSection
	GlobalSection(SolutionProperties) = preSolution
		HideSolutionNode = FALSE
	EndGlobalSection
	GlobalSection(ExtensibilityGlobals) = postSolution
		SolutionGuid = {92717C17-BF03-4378-8B40-32BC51FA06CE}
	EndGlobalSection
EndGlobal
